// !$*UTF8*$!
{
	archiveVersion = 1;
	classes = {
	};
	objectVersion = 50;
	objects = {

/* Begin PBXBuildFile section */
		AA1229C1232235DF00A19D1B /* AppDelegate.swift in Sources */ = {isa = PBXBuildFile; fileRef = AA1229C0232235DF00A19D1B /* AppDelegate.swift */; };
		AA1229C3232235DF00A19D1B /* SceneDelegate.swift in Sources */ = {isa = PBXBuildFile; fileRef = AA1229C2232235DF00A19D1B /* SceneDelegate.swift */; };
		AA1229C5232235DF00A19D1B /* ViewController.swift in Sources */ = {isa = PBXBuildFile; fileRef = AA1229C4232235DF00A19D1B /* ViewController.swift */; };
		AA1229C8232235DF00A19D1B /* Main.storyboard in Resources */ = {isa = PBXBuildFile; fileRef = AA1229C6232235DF00A19D1B /* Main.storyboard */; };
		AA1229CB232235DF00A19D1B /* CustomPresentationController.xcdatamodeld in Sources */ = {isa = PBXBuildFile; fileRef = AA1229C9232235DF00A19D1B /* CustomPresentationController.xcdatamodeld */; };
		AA1229CD232235E000A19D1B /* Assets.xcassets in Resources */ = {isa = PBXBuildFile; fileRef = AA1229CC232235E000A19D1B /* Assets.xcassets */; };
		AA1229D0232235E000A19D1B /* LaunchScreen.storyboard in Resources */ = {isa = PBXBuildFile; fileRef = AA1229CE232235E000A19D1B /* LaunchScreen.storyboard */; };
		AA1229D82322360700A19D1B /* BottomScreenViewController.swift in Sources */ = {isa = PBXBuildFile; fileRef = AA1229D72322360700A19D1B /* BottomScreenViewController.swift */; };
		AA1229DA2322361100A19D1B /* BottomScreenViewController.xib in Resources */ = {isa = PBXBuildFile; fileRef = AA1229D92322361100A19D1B /* BottomScreenViewController.xib */; };
		AA122A072322387700A19D1B /* CustomOverlayAlertAction.swift in Sources */ = {isa = PBXBuildFile; fileRef = AA122A002322387700A19D1B /* CustomOverlayAlertAction.swift */; };
		AA122A082322387700A19D1B /* PresentedVC.swift in Sources */ = {isa = PBXBuildFile; fileRef = AA122A022322387700A19D1B /* PresentedVC.swift */; };
		AA122A092322387700A19D1B /* AAPLOverlayTransitioner.swift in Sources */ = {isa = PBXBuildFile; fileRef = AA122A032322387700A19D1B /* AAPLOverlayTransitioner.swift */; };
		AA122A0A2322387700A19D1B /* AAPLOverlayPresentationController.swift in Sources */ = {isa = PBXBuildFile; fileRef = AA122A042322387700A19D1B /* AAPLOverlayPresentationController.swift */; };
		AA122A0B2322387700A19D1B /* CustomOverlayAlertController.swift in Sources */ = {isa = PBXBuildFile; fileRef = AA122A052322387700A19D1B /* CustomOverlayAlertController.swift */; };
		AA122A0C2322387700A19D1B /* CustomOverlayAlert.xib in Resources */ = {isa = PBXBuildFile; fileRef = AA122A062322387700A19D1B /* CustomOverlayAlert.xib */; };
		AACB511B23227B5500369896 /* BottomScreenTransitioner.swift in Sources */ = {isa = PBXBuildFile; fileRef = AACB511923227B5500369896 /* BottomScreenTransitioner.swift */; };
		AACB511C23227B5500369896 /* BottomScreenPresentationController.swift in Sources */ = {isa = PBXBuildFile; fileRef = AACB511A23227B5500369896 /* BottomScreenPresentationController.swift */; };
		AACB511F2323866100369896 /* ContentTablview.swift in Sources */ = {isa = PBXBuildFile; fileRef = AACB511E2323866100369896 /* ContentTablview.swift */; };
/* End PBXBuildFile section */

/* Begin PBXFileReference section */
		AA1229BD232235DF00A19D1B /* CustomPresentationController.app */ = {isa = PBXFileReference; explicitFileType = wrapper.application; includeInIndex = 0; path = CustomPresentationController.app; sourceTree = BUILT_PRODUCTS_DIR; };
		AA1229C0232235DF00A19D1B /* AppDelegate.swift */ = {isa = PBXFileReference; lastKnownFileType = sourcecode.swift; path = AppDelegate.swift; sourceTree = "<group>"; };
		AA1229C2232235DF00A19D1B /* SceneDelegate.swift */ = {isa = PBXFileReference; lastKnownFileType = sourcecode.swift; path = SceneDelegate.swift; sourceTree = "<group>"; };
		AA1229C4232235DF00A19D1B /* ViewController.swift */ = {isa = PBXFileReference; lastKnownFileType = sourcecode.swift; path = ViewController.swift; sourceTree = "<group>"; };
		AA1229C7232235DF00A19D1B /* Base */ = {isa = PBXFileReference; lastKnownFileType = file.storyboard; name = Base; path = Base.lproj/Main.storyboard; sourceTree = "<group>"; };
		AA1229CA232235DF00A19D1B /* CustomPresentationController.xcdatamodel */ = {isa = PBXFileReference; lastKnownFileType = wrapper.xcdatamodel; path = CustomPresentationController.xcdatamodel; sourceTree = "<group>"; };
		AA1229CC232235E000A19D1B /* Assets.xcassets */ = {isa = PBXFileReference; lastKnownFileType = folder.assetcatalog; path = Assets.xcassets; sourceTree = "<group>"; };
		AA1229CF232235E000A19D1B /* Base */ = {isa = PBXFileReference; lastKnownFileType = file.storyboard; name = Base; path = Base.lproj/LaunchScreen.storyboard; sourceTree = "<group>"; };
		AA1229D1232235E000A19D1B /* Info.plist */ = {isa = PBXFileReference; lastKnownFileType = text.plist.xml; path = Info.plist; sourceTree = "<group>"; };
		AA1229D72322360700A19D1B /* BottomScreenViewController.swift */ = {isa = PBXFileReference; lastKnownFileType = sourcecode.swift; path = BottomScreenViewController.swift; sourceTree = "<group>"; };
		AA1229D92322361100A19D1B /* BottomScreenViewController.xib */ = {isa = PBXFileReference; lastKnownFileType = file.xib; path = BottomScreenViewController.xib; sourceTree = "<group>"; };
		AA122A002322387700A19D1B /* CustomOverlayAlertAction.swift */ = {isa = PBXFileReference; fileEncoding = 4; lastKnownFileType = sourcecode.swift; path = CustomOverlayAlertAction.swift; sourceTree = "<group>"; };
		AA122A022322387700A19D1B /* PresentedVC.swift */ = {isa = PBXFileReference; fileEncoding = 4; lastKnownFileType = sourcecode.swift; path = PresentedVC.swift; sourceTree = "<group>"; };
		AA122A032322387700A19D1B /* AAPLOverlayTransitioner.swift */ = {isa = PBXFileReference; fileEncoding = 4; lastKnownFileType = sourcecode.swift; path = AAPLOverlayTransitioner.swift; sourceTree = "<group>"; };
		AA122A042322387700A19D1B /* AAPLOverlayPresentationController.swift */ = {isa = PBXFileReference; fileEncoding = 4; lastKnownFileType = sourcecode.swift; path = AAPLOverlayPresentationController.swift; sourceTree = "<group>"; };
		AA122A052322387700A19D1B /* CustomOverlayAlertController.swift */ = {isa = PBXFileReference; fileEncoding = 4; lastKnownFileType = sourcecode.swift; path = CustomOverlayAlertController.swift; sourceTree = "<group>"; };
		AA122A062322387700A19D1B /* CustomOverlayAlert.xib */ = {isa = PBXFileReference; fileEncoding = 4; lastKnownFileType = file.xib; path = CustomOverlayAlert.xib; sourceTree = "<group>"; };
		AACB511923227B5500369896 /* BottomScreenTransitioner.swift */ = {isa = PBXFileReference; lastKnownFileType = sourcecode.swift; path = BottomScreenTransitioner.swift; sourceTree = "<group>"; };
		AACB511A23227B5500369896 /* BottomScreenPresentationController.swift */ = {isa = PBXFileReference; lastKnownFileType = sourcecode.swift; path = BottomScreenPresentationController.swift; sourceTree = "<group>"; };
		AACB511E2323866100369896 /* ContentTablview.swift */ = {isa = PBXFileReference; lastKnownFileType = sourcecode.swift; path = ContentTablview.swift; sourceTree = "<group>"; };
/* End PBXFileReference section */

/* Begin PBXFrameworksBuildPhase section */
		AA1229BA232235DF00A19D1B /* Frameworks */ = {
			isa = PBXFrameworksBuildPhase;
			buildActionMask = 2147483647;
			files = (
			);
			runOnlyForDeploymentPostprocessing = 0;
		};
/* End PBXFrameworksBuildPhase section */

/* Begin PBXGroup section */
		AA1229B4232235DF00A19D1B = {
			isa = PBXGroup;
			children = (
				AA1229BF232235DF00A19D1B /* CustomPresentationController */,
				AA1229BE232235DF00A19D1B /* Products */,
			);
			sourceTree = "<group>";
		};
		AA1229BE232235DF00A19D1B /* Products */ = {
			isa = PBXGroup;
			children = (
				AA1229BD232235DF00A19D1B /* CustomPresentationController.app */,
			);
			name = Products;
			sourceTree = "<group>";
		};
		AA1229BF232235DF00A19D1B /* CustomPresentationController */ = {
			isa = PBXGroup;
			children = (
				AA1229C0232235DF00A19D1B /* AppDelegate.swift */,
				AA1229C2232235DF00A19D1B /* SceneDelegate.swift */,
				AA1229C4232235DF00A19D1B /* ViewController.swift */,
				AACB511E2323866100369896 /* ContentTablview.swift */,
				AA1229FF2322387700A19D1B /* CustomOverlayAlert */,
				AA1229DB2322374000A19D1B /* BottomScreenViewController */,
				AA1229C6232235DF00A19D1B /* Main.storyboard */,
				AA1229CC232235E000A19D1B /* Assets.xcassets */,
				AA1229CE232235E000A19D1B /* LaunchScreen.storyboard */,
				AA1229D1232235E000A19D1B /* Info.plist */,
				AA1229C9232235DF00A19D1B /* CustomPresentationController.xcdatamodeld */,
			);
			path = CustomPresentationController;
			sourceTree = "<group>";
		};
		AA1229DB2322374000A19D1B /* BottomScreenViewController */ = {
			isa = PBXGroup;
			children = (
				AA1229D72322360700A19D1B /* BottomScreenViewController.swift */,
				AACB511D23227B7B00369896 /* BottomScreenPresentationDelegate */,
				AA1229D92322361100A19D1B /* BottomScreenViewController.xib */,
			);
			path = BottomScreenViewController;
			sourceTree = "<group>";
		};
		AA1229FF2322387700A19D1B /* CustomOverlayAlert */ = {
			isa = PBXGroup;
			children = (
				AA122A002322387700A19D1B /* CustomOverlayAlertAction.swift */,
				AA122A012322387700A19D1B /* OverlayPresentationDelegate */,
				AA122A052322387700A19D1B /* CustomOverlayAlertController.swift */,
				AA122A062322387700A19D1B /* CustomOverlayAlert.xib */,
			);
			path = CustomOverlayAlert;
			sourceTree = "<group>";
		};
		AA122A012322387700A19D1B /* OverlayPresentationDelegate */ = {
			isa = PBXGroup;
			children = (
				AA122A022322387700A19D1B /* PresentedVC.swift */,
				AA122A032322387700A19D1B /* AAPLOverlayTransitioner.swift */,
				AA122A042322387700A19D1B /* AAPLOverlayPresentationController.swift */,
			);
			path = OverlayPresentationDelegate;
			sourceTree = "<group>";
		};
		AACB511D23227B7B00369896 /* BottomScreenPresentationDelegate */ = {
			isa = PBXGroup;
			children = (
				AACB511923227B5500369896 /* BottomScreenTransitioner.swift */,
				AACB511A23227B5500369896 /* BottomScreenPresentationController.swift */,
			);
			path = BottomScreenPresentationDelegate;
			sourceTree = "<group>";
		};
/* End PBXGroup section */

/* Begin PBXNativeTarget section */
		AA1229BC232235DF00A19D1B /* CustomPresentationController */ = {
			isa = PBXNativeTarget;
			buildConfigurationList = AA1229D4232235E000A19D1B /* Build configuration list for PBXNativeTarget "CustomPresentationController" */;
			buildPhases = (
				AA1229B9232235DF00A19D1B /* Sources */,
				AA1229BA232235DF00A19D1B /* Frameworks */,
				AA1229BB232235DF00A19D1B /* Resources */,
			);
			buildRules = (
			);
			dependencies = (
			);
			name = CustomPresentationController;
			productName = CustomPresentationController;
			productReference = AA1229BD232235DF00A19D1B /* CustomPresentationController.app */;
			productType = "com.apple.product-type.application";
		};
/* End PBXNativeTarget section */

/* Begin PBXProject section */
		AA1229B5232235DF00A19D1B /* Project object */ = {
			isa = PBXProject;
			attributes = {
				LastSwiftUpdateCheck = 1100;
				LastUpgradeCheck = 1100;
				ORGANIZATIONNAME = sadegh;
				TargetAttributes = {
					AA1229BC232235DF00A19D1B = {
						CreatedOnToolsVersion = 11.0;
					};
				};
			};
			buildConfigurationList = AA1229B8232235DF00A19D1B /* Build configuration list for PBXProject "CustomPresentationController" */;
			compatibilityVersion = "Xcode 9.3";
			developmentRegion = en;
			hasScannedForEncodings = 0;
			knownRegions = (
				en,
				Base,
			);
			mainGroup = AA1229B4232235DF00A19D1B;
			productRefGroup = AA1229BE232235DF00A19D1B /* Products */;
			projectDirPath = "";
			projectRoot = "";
			targets = (
				AA1229BC232235DF00A19D1B /* CustomPresentationController */,
			);
		};
/* End PBXProject section */

/* Begin PBXResourcesBuildPhase section */
		AA1229BB232235DF00A19D1B /* Resources */ = {
			isa = PBXResourcesBuildPhase;
			buildActionMask = 2147483647;
			files = (
				AA1229DA2322361100A19D1B /* BottomScreenViewController.xib in Resources */,
				AA122A0C2322387700A19D1B /* CustomOverlayAlert.xib in Resources */,
				AA1229D0232235E000A19D1B /* LaunchScreen.storyboard in Resources */,
				AA1229CD232235E000A19D1B /* Assets.xcassets in Resources */,
				AA1229C8232235DF00A19D1B /* Main.storyboard in Resources */,
			);
			runOnlyForDeploymentPostprocessing = 0;
		};
/* End PBXResourcesBuildPhase section */

/* Begin PBXSourcesBuildPhase section */
		AA1229B9232235DF00A19D1B /* Sources */ = {
			isa = PBXSourcesBuildPhase;
			buildActionMask = 2147483647;
			files = (
				AA1229CB232235DF00A19D1B /* CustomPresentationController.xcdatamodeld in Sources */,
				AA1229C5232235DF00A19D1B /* ViewController.swift in Sources */,
				AACB511C23227B5500369896 /* BottomScreenPresentationController.swift in Sources */,
				AACB511F2323866100369896 /* ContentTablview.swift in Sources */,
				AA122A092322387700A19D1B /* AAPLOverlayTransitioner.swift in Sources */,
				AA122A072322387700A19D1B /* CustomOverlayAlertAction.swift in Sources */,
				AA122A082322387700A19D1B /* PresentedVC.swift in Sources */,
				AA122A0A2322387700A19D1B /* AAPLOverlayPresentationController.swift in Sources */,
				AA122A0B2322387700A19D1B /* CustomOverlayAlertController.swift in Sources */,
				AA1229C1232235DF00A19D1B /* AppDelegate.swift in Sources */,
				AACB511B23227B5500369896 /* BottomScreenTransitioner.swift in Sources */,
				AA1229D82322360700A19D1B /* BottomScreenViewController.swift in Sources */,
				AA1229C3232235DF00A19D1B /* SceneDelegate.swift in Sources */,
			);
			runOnlyForDeploymentPostprocessing = 0;
		};
/* End PBXSourcesBuildPhase section */

/* Begin PBXVariantGroup section */
		AA1229C6232235DF00A19D1B /* Main.storyboard */ = {
			isa = PBXVariantGroup;
			children = (
				AA1229C7232235DF00A19D1B /* Base */,
			);
			name = Main.storyboard;
			sourceTree = "<group>";
		};
		AA1229CE232235E000A19D1B /* LaunchScreen.storyboard */ = {
			isa = PBXVariantGroup;
			children = (
				AA1229CF232235E000A19D1B /* Base */,
			);
			name = LaunchScreen.storyboard;
			sourceTree = "<group>";
		};
/* End PBXVariantGroup section */

/* Begin XCBuildConfiguration section */
		AA1229D2232235E000A19D1B /* Debug */ = {
			isa = XCBuildConfiguration;
			buildSettings = {
				ALWAYS_SEARCH_USER_PATHS = NO;
				CLANG_ANALYZER_NONNULL = YES;
				CLANG_ANALYZER_NUMBER_OBJECT_CONVERSION = YES_AGGRESSIVE;
				CLANG_CXX_LANGUAGE_STANDARD = "gnu++14";
				CLANG_CXX_LIBRARY = "libc++";
				CLANG_ENABLE_MODULES = YES;
				CLANG_ENABLE_OBJC_ARC = YES;
				CLANG_ENABLE_OBJC_WEAK = YES;
				CLANG_WARN_BLOCK_CAPTURE_AUTORELEASING = YES;
				CLANG_WARN_BOOL_CONVERSION = YES;
				CLANG_WARN_COMMA = YES;
				CLANG_WARN_CONSTANT_CONVERSION = YES;
				CLANG_WARN_DEPRECATED_OBJC_IMPLEMENTATIONS = YES;
				CLANG_WARN_DIRECT_OBJC_ISA_USAGE = YES_ERROR;
				CLANG_WARN_DOCUMENTATION_COMMENTS = YES;
				CLANG_WARN_EMPTY_BODY = YES;
				CLANG_WARN_ENUM_CONVERSION = YES;
				CLANG_WARN_INFINITE_RECURSION = YES;
				CLANG_WARN_INT_CONVERSION = YES;
				CLANG_WARN_NON_LITERAL_NULL_CONVERSION = YES;
				CLANG_WARN_OBJC_IMPLICIT_RETAIN_SELF = YES;
				CLANG_WARN_OBJC_LITERAL_CONVERSION = YES;
				CLANG_WARN_OBJC_ROOT_CLASS = YES_ERROR;
				CLANG_WARN_RANGE_LOOP_ANALYSIS = YES;
				CLANG_WARN_STRICT_PROTOTYPES = YES;
				CLANG_WARN_SUSPICIOUS_MOVE = YES;
				CLANG_WARN_UNGUARDED_AVAILABILITY = YES_AGGRESSIVE;
				CLANG_WARN_UNREACHABLE_CODE = YES;
				CLANG_WARN__DUPLICATE_METHOD_MATCH = YES;
				COPY_PHASE_STRIP = NO;
				DEBUG_INFORMATION_FORMAT = dwarf;
				ENABLE_STRICT_OBJC_MSGSEND = YES;
				ENABLE_TESTABILITY = YES;
				GCC_C_LANGUAGE_STANDARD = gnu11;
				GCC_DYNAMIC_NO_PIC = NO;
				GCC_NO_COMMON_BLOCKS = YES;
				GCC_OPTIMIZATION_LEVEL = 0;
				GCC_PREPROCESSOR_DEFINITIONS = (
					"DEBUG=1",
					"$(inherited)",
				);
				GCC_WARN_64_TO_32_BIT_CONVERSION = YES;
				GCC_WARN_ABOUT_RETURN_TYPE = YES_ERROR;
				GCC_WARN_UNDECLARED_SELECTOR = YES;
				GCC_WARN_UNINITIALIZED_AUTOS = YES_AGGRESSIVE;
				GCC_WARN_UNUSED_FUNCTION = YES;
				GCC_WARN_UNUSED_VARIABLE = YES;
				IPHONEOS_DEPLOYMENT_TARGET = 13.0;
				MTL_ENABLE_DEBUG_INFO = INCLUDE_SOURCE;
				MTL_FAST_MATH = YES;
				ONLY_ACTIVE_ARCH = YES;
				SDKROOT = iphoneos;
				SWIFT_ACTIVE_COMPILATION_CONDITIONS = DEBUG;
				SWIFT_OPTIMIZATION_LEVEL = "-Onone";
			};
			name = Debug;
		};
		AA1229D3232235E000A19D1B /* Release */ = {
			isa = XCBuildConfiguration;
			buildSettings = {
				ALWAYS_SEARCH_USER_PATHS = NO;
				CLANG_ANALYZER_NONNULL = YES;
				CLANG_ANALYZER_NUMBER_OBJECT_CONVERSION = YES_AGGRESSIVE;
				CLANG_CXX_LANGUAGE_STANDARD = "gnu++14";
				CLANG_CXX_LIBRARY = "libc++";
				CLANG_ENABLE_MODULES = YES;
				CLANG_ENABLE_OBJC_ARC = YES;
				CLANG_ENABLE_OBJC_WEAK = YES;
				CLANG_WARN_BLOCK_CAPTURE_AUTORELEASING = YES;
				CLANG_WARN_BOOL_CONVERSION = YES;
				CLANG_WARN_COMMA = YES;
				CLANG_WARN_CONSTANT_CONVERSION = YES;
				CLANG_WARN_DEPRECATED_OBJC_IMPLEMENTATIONS = YES;
				CLANG_WARN_DIRECT_OBJC_ISA_USAGE = YES_ERROR;
				CLANG_WARN_DOCUMENTATION_COMMENTS = YES;
				CLANG_WARN_EMPTY_BODY = YES;
				CLANG_WARN_ENUM_CONVERSION = YES;
				CLANG_WARN_INFINITE_RECURSION = YES;
				CLANG_WARN_INT_CONVERSION = YES;
				CLANG_WARN_NON_LITERAL_NULL_CONVERSION = YES;
				CLANG_WARN_OBJC_IMPLICIT_RETAIN_SELF = YES;
				CLANG_WARN_OBJC_LITERAL_CONVERSION = YES;
				CLANG_WARN_OBJC_ROOT_CLASS = YES_ERROR;
				CLANG_WARN_RANGE_LOOP_ANALYSIS = YES;
				CLANG_WARN_STRICT_PROTOTYPES = YES;
				CLANG_WARN_SUSPICIOUS_MOVE = YES;
				CLANG_WARN_UNGUARDED_AVAILABILITY = YES_AGGRESSIVE;
				CLANG_WARN_UNREACHABLE_CODE = YES;
				CLANG_WARN__DUPLICATE_METHOD_MATCH = YES;
				COPY_PHASE_STRIP = NO;
				DEBUG_INFORMATION_FORMAT = "dwarf-with-dsym";
				ENABLE_NS_ASSERTIONS = NO;
				ENABLE_STRICT_OBJC_MSGSEND = YES;
				GCC_C_LANGUAGE_STANDARD = gnu11;
				GCC_NO_COMMON_BLOCKS = YES;
				GCC_WARN_64_TO_32_BIT_CONVERSION = YES;
				GCC_WARN_ABOUT_RETURN_TYPE = YES_ERROR;
				GCC_WARN_UNDECLARED_SELECTOR = YES;
				GCC_WARN_UNINITIALIZED_AUTOS = YES_AGGRESSIVE;
				GCC_WARN_UNUSED_FUNCTION = YES;
				GCC_WARN_UNUSED_VARIABLE = YES;
				IPHONEOS_DEPLOYMENT_TARGET = 13.0;
				MTL_ENABLE_DEBUG_INFO = NO;
				MTL_FAST_MATH = YES;
				SDKROOT = iphoneos;
				SWIFT_COMPILATION_MODE = wholemodule;
				SWIFT_OPTIMIZATION_LEVEL = "-O";
				VALIDATE_PRODUCT = YES;
			};
			name = Release;
		};
		AA1229D5232235E000A19D1B /* Debug */ = {
			isa = XCBuildConfiguration;
			buildSettings = {
				ASSETCATALOG_COMPILER_APPICON_NAME = AppIcon;
				CODE_SIGN_IDENTITY = "iPhone Developer";
				CODE_SIGN_STYLE = Automatic;
				DEVELOPMENT_TEAM = KKAKUL3Z32;
				INFOPLIST_FILE = CustomPresentationController/Info.plist;
				IPHONEOS_DEPLOYMENT_TARGET = 12.0;
				LD_RUNPATH_SEARCH_PATHS = (
					"$(inherited)",
					"@executable_path/Frameworks",
				);
				PRODUCT_BUNDLE_IDENTIFIER = com.rayanapple.CustomPresentationController;
				PRODUCT_NAME = "$(TARGET_NAME)";
				PROVISIONING_PROFILE_SPECIFIER = "";
				SWIFT_VERSION = 5.0;
				TARGETED_DEVICE_FAMILY = "1,2";
			};
			name = Debug;
		};
		AA1229D6232235E000A19D1B /* Release */ = {
			isa = XCBuildConfiguration;
			buildSettings = {
				ASSETCATALOG_COMPILER_APPICON_NAME = AppIcon;
				CODE_SIGN_IDENTITY = "iPhone Developer";
				CODE_SIGN_STYLE = Automatic;
				DEVELOPMENT_TEAM = KKAKUL3Z32;
				INFOPLIST_FILE = CustomPresentationController/Info.plist;
				IPHONEOS_DEPLOYMENT_TARGET = 12.0;
				LD_RUNPATH_SEARCH_PATHS = (
					"$(inherited)",
					"@executable_path/Frameworks",
				);
				PRODUCT_BUNDLE_IDENTIFIER = com.rayanapple.CustomPresentationController;
				PRODUCT_NAME = "$(TARGET_NAME)";
				PROVISIONING_PROFILE_SPECIFIER = "";
				SWIFT_VERSION = 5.0;
				TARGETED_DEVICE_FAMILY = "1,2";
			};
			name = Release;
		};
/* End XCBuildConfiguration section */

/* Begin XCConfigurationList section */
		AA1229B8232235DF00A19D1B /* Build configuration list for PBXProject "CustomPresentationController" */ = {
			isa = XCConfigurationList;
			buildConfigurations = (
				AA1229D2232235E000A19D1B /* Debug */,
				AA1229D3232235E000A19D1B /* Release */,
			);
			defaultConfigurationIsVisible = 0;
			defaultConfigurationName = Release;
		};
		AA1229D4232235E000A19D1B /* Build configuration list for PBXNativeTarget "CustomPresentationController" */ = {
			isa = XCConfigurationList;
			buildConfigurations = (
				AA1229D5232235E000A19D1B /* Debug */,
				AA1229D6232235E000A19D1B /* Release */,
			);
			defaultConfigurationIsVisible = 0;
			defaultConfigurationName = Release;
		};
/* End XCConfigurationList section */

/* Begin XCVersionGroup section */
		AA1229C9232235DF00A19D1B /* CustomPresentationController.xcdatamodeld */ = {
			isa = XCVersionGroup;
			children = (
				AA1229CA232235DF00A19D1B /* CustomPresentationController.xcdatamodel */,
			);
			currentVersion = AA1229CA232235DF00A19D1B /* CustomPresentationController.xcdatamodel */;
			path = CustomPresentationController.xcdatamodeld;
			sourceTree = "<group>";
			versionGroupType = wrapper.xcdatamodel;
		};
/* End XCVersionGroup section */
	};
	rootObject = AA1229B5232235DF00A19D1B /* Project object */;
}
